
Microsoft Visual Studio Solution File, Format Version 11.00
# Visual Studio 2010
Project("{FAE04EC0-301F-11D3-BF4B-00C04F79EFBC}") = "WebUI", "WebUI\WebUI.csproj", "{FC2F64A0-A484-4DC2-9143-FECFA34F9DE1}"
EndProject
Project("{2150E333-8FDC-42A3-9474-1A3956D46DE8}") = "HttpSocket", "HttpSocket", "{82FFEDB5-9F20-408B-B14E-1FD8C6A0AD3B}"
EndProject
Project("{FAE04EC0-301F-11D3-BF4B-00C04F79EFBC}") = "Demo", "HttpSocket\Demo\Demo.csproj", "{CFA04A39-E0D5-4ACC-83C4-D6692AC86BA1}"
EndProject
Global
	GlobalSection(SolutionConfigurationPlatforms) = preSolution
		Debug|Any CPU = Debug|Any CPU
		Release|Any CPU = Release|Any CPU
	EndGlobalSection
	GlobalSection(ProjectConfigurationPlatforms) = postSolution
		{FC2F64A0-A484-4DC2-9143-FECFA34F9DE1}.Debug|Any CPU.ActiveCfg = Debug|Any CPU
		{FC2F64A0-A484-4DC2-9143-FECFA34F9DE1}.Debug|Any CPU.Build.0 = Debug|Any CPU
		{FC2F64A0-A484-4DC2-9143-FECFA34F9DE1}.Release|Any CPU.ActiveCfg = Release|Any CPU
		{FC2F64A0-A484-4DC2-9143-FECFA34F9DE1}.Release|Any CPU.Build.0 = Release|Any CPU
		{CFA04A39-E0D5-4ACC-83C4-D6692AC86BA1}.Debug|Any CPU.ActiveCfg = Debug|Any CPU
		{CFA04A39-E0D5-4ACC-83C4-D6692AC86BA1}.Debug|Any CPU.Build.0 = Debug|Any CPU
		{CFA04A39-E0D5-4ACC-83C4-D6692AC86BA1}.Release|Any CPU.ActiveCfg = Release|Any CPU
		{CFA04A39-E0D5-4ACC-83C4-D6692AC86BA1}.Release|Any CPU.Build.0 = Release|Any CPU
	EndGlobalSection
	GlobalSection(SolutionProperties) = preSolution
		HideSolutionNode = FALSE
	EndGlobalSection
	GlobalSection(NestedProjects) = preSolution
		{CFA04A39-E0D5-4ACC-83C4-D6692AC86BA1} = {82FFEDB5-9F20-408B-B14E-1FD8C6A0AD3B}
	EndGlobalSection
EndGlobal
